
Microsoft Visual Studio Solution File, Format Version 12.00
# Visual Studio 2013
VisualStudioVersion = 12.0.21005.1
MinimumVisualStudioVersion = 10.0.40219.1
Project("{FAE04EC0-301F-11D3-BF4B-00C04F79EFBC}") = "MovieClub", "MovieClub\MovieClub.csproj", "{F4CE167B-3456-43A0-A6F6-FB03A1D323E0}"
EndProject
Project("{2150E333-8FDC-42A3-9474-1A3956D46DE8}") = "Solution Items", "Solution Items", "{346A1BB3-5C01-4959-A911-7AD1214887B7}"
	ProjectSection(SolutionItems) = preProject
		Performance1.psess = Performance1.psess
	EndProjectSection
EndProject
Project("{F088123C-0E9E-452A-89E6-6BA2F21D5CAC}") = "Architecture", "Architecture\Architecture.modelproj", "{4F66A06C-D6F9-423B-AC29-54244D88A1DC}"
EndProject
Global
	GlobalSection(SolutionConfigurationPlatforms) = preSolution
		Debug|Any CPU = Debug|Any CPU
		Release|Any CPU = Release|Any CPU
	EndGlobalSection
	GlobalSection(ProjectConfigurationPlatforms) = postSolution
		{F4CE167B-3456-43A0-A6F6-FB03A1D323E0}.Debug|Any CPU.ActiveCfg = Debug|Any CPU
		{F4CE167B-3456-43A0-A6F6-FB03A1D323E0}.Debug|Any CPU.Build.0 = Debug|Any CPU
		{F4CE167B-3456-43A0-A6F6-FB03A1D323E0}.Release|Any CPU.ActiveCfg = Release|Any CPU
		{F4CE167B-3456-43A0-A6F6-FB03A1D323E0}.Release|Any CPU.Build.0 = Release|Any CPU
		{4F66A06C-D6F9-423B-AC29-54244D88A1DC}.Debug|Any CPU.ActiveCfg = Debug|Any CPU
		{4F66A06C-D6F9-423B-AC29-54244D88A1DC}.Debug|Any CPU.Build.0 = Debug|Any CPU
		{4F66A06C-D6F9-423B-AC29-54244D88A1DC}.Release|Any CPU.ActiveCfg = Release|Any CPU
		{4F66A06C-D6F9-423B-AC29-54244D88A1DC}.Release|Any CPU.Build.0 = Release|Any CPU
	EndGlobalSection
	GlobalSection(SolutionProperties) = preSolution
		HideSolutionNode = FALSE
	EndGlobalSection
EndGlobal
